
Microsoft Visual Studio Solution File, Format Version 12.00
# Visual Studio Version 17
VisualStudioVersion = 17.9.34902.65
MinimumVisualStudioVersion = 10.0.40219.1
Project("{FAE04EC0-301F-11D3-BF4B-00C04F79EFBC}") = "Simulador ISV", "Simulador ISV\Simulador ISV.csproj", "{4DB40EB7-2591-4E81-8B7B-F63BAA0F1CFC}"
EndProject
Global
	GlobalSection(SolutionConfigurationPlatforms) = preSolution
		Debug|Any CPU = Debug|Any CPU
		Release|Any CPU = Release|Any CPU
	EndGlobalSection
	GlobalSection(ProjectConfigurationPlatforms) = postSolution
		{4DB40EB7-2591-4E81-8B7B-F63BAA0F1CFC}.Debug|Any CPU.ActiveCfg = Debug|Any CPU
		{4DB40EB7-2591-4E81-8B7B-F63BAA0F1CFC}.Debug|Any CPU.Build.0 = Debug|Any CPU
		{4DB40EB7-2591-4E81-8B7B-F63BAA0F1CFC}.Release|Any CPU.ActiveCfg = Release|Any CPU
		{4DB40EB7-2591-4E81-8B7B-F63BAA0F1CFC}.Release|Any CPU.Build.0 = Release|Any CPU
	EndGlobalSection
	GlobalSection(SolutionProperties) = preSolution
		HideSolutionNode = FALSE
	EndGlobalSection
	GlobalSection(ExtensibilityGlobals) = postSolution
		SolutionGuid = {569E9460-178D-41D7-8E4E-532F9D16F576}
	EndGlobalSection
EndGlobal
